
Microsoft Visual Studio Solution File, Format Version 12.00
# Visual Studio 15
VisualStudioVersion = 15.0.28010.2041
MinimumVisualStudioVersion = 10.0.40219.1
Project("{2150E333-8FDC-42A3-9474-1A3956D46DE8}") = "interfuck", "interfuck", "{9DCA19A3-413A-420D-B072-4F4D2B2B37EB}"
EndProject
Project("{2150E333-8FDC-42A3-9474-1A3956D46DE8}") = "transfuck", "transfuck", "{7FB43315-B942-4763-B0A0-B5D5C4C2C3F4}"
EndProject
Global
	GlobalSection(SolutionProperties) = preSolution
		HideSolutionNode = FALSE
	EndGlobalSection
	GlobalSection(ExtensibilityGlobals) = postSolution
		SolutionGuid = {7CF23D0C-4532-4E70-B0EE-498EAC239CCF}
	EndGlobalSection
EndGlobal
